
Microsoft Visual Studio Solution File, Format Version 12.00
# Visual Studio Version 17
VisualStudioVersion = 17.3.32901.215
MinimumVisualStudioVersion = 10.0.40219.1
Project("{FAE04EC0-301F-11D3-BF4B-00C04F79EFBC}") = "EditorTXT", "EditorTXT.csproj", "{62D536BC-E88F-4BB9-95F2-3BAF77002EB6}"
EndProject
Global
	GlobalSection(SolutionConfigurationPlatforms) = preSolution
		Debug|Any CPU = Debug|Any CPU
		Release|Any CPU = Release|Any CPU
	EndGlobalSection
	GlobalSection(ProjectConfigurationPlatforms) = postSolution
		{62D536BC-E88F-4BB9-95F2-3BAF77002EB6}.Debug|Any CPU.ActiveCfg = Debug|Any CPU
		{62D536BC-E88F-4BB9-95F2-3BAF77002EB6}.Debug|Any CPU.Build.0 = Debug|Any CPU
		{62D536BC-E88F-4BB9-95F2-3BAF77002EB6}.Release|Any CPU.ActiveCfg = Release|Any CPU
		{62D536BC-E88F-4BB9-95F2-3BAF77002EB6}.Release|Any CPU.Build.0 = Release|Any CPU
	EndGlobalSection
	GlobalSection(SolutionProperties) = preSolution
		HideSolutionNode = FALSE
	EndGlobalSection
	GlobalSection(ExtensibilityGlobals) = postSolution
		SolutionGuid = {303DA31E-3355-4E1C-B1CA-9F65B02AC3A4}
	EndGlobalSection
EndGlobal
